
Microsoft Visual Studio Solution File, Format Version 12.00
# Visual Studio 15
VisualStudioVersion = 15.0.28307.168
MinimumVisualStudioVersion = 10.0.40219.1
Project("{FAE04EC0-301F-11D3-BF4B-00C04F79EFBC}") = "SPV-encryption", "SPV-encryption\SPV-encryption.csproj", "{6375C156-475B-4A6D-9EB0-5CF3B3259946}"
EndProject
Global
	GlobalSection(SolutionConfigurationPlatforms) = preSolution
		Debug|Any CPU = Debug|Any CPU
		Release|Any CPU = Release|Any CPU
	EndGlobalSection
	GlobalSection(ProjectConfigurationPlatforms) = postSolution
		{6375C156-475B-4A6D-9EB0-5CF3B3259946}.Debug|Any CPU.ActiveCfg = Debug|Any CPU
		{6375C156-475B-4A6D-9EB0-5CF3B3259946}.Debug|Any CPU.Build.0 = Debug|Any CPU
		{6375C156-475B-4A6D-9EB0-5CF3B3259946}.Release|Any CPU.ActiveCfg = Release|Any CPU
		{6375C156-475B-4A6D-9EB0-5CF3B3259946}.Release|Any CPU.Build.0 = Release|Any CPU
	EndGlobalSection
	GlobalSection(SolutionProperties) = preSolution
		HideSolutionNode = FALSE
	EndGlobalSection
	GlobalSection(ExtensibilityGlobals) = postSolution
		SolutionGuid = {B4B8FD88-4F04-49C7-BCC1-2EE010A07270}
	EndGlobalSection
EndGlobal
